
Microsoft Visual Studio Solution File, Format Version 12.00
# Visual Studio Version 16
VisualStudioVersion = 16.0.31005.135
MinimumVisualStudioVersion = 10.0.40219.1
Project("{9A19103F-16F7-4668-BE54-9A1E7A4F7556}") = "Infinity_Base_Main", "Infinity_Base\Infinity_Base_Main.csproj", "{1CEC2C41-9A42-4E66-A39B-CBB5E819CA2B}"
EndProject
Global
	GlobalSection(SolutionConfigurationPlatforms) = preSolution
		Debug|Any CPU = Debug|Any CPU
		Release|Any CPU = Release|Any CPU
	EndGlobalSection
	GlobalSection(ProjectConfigurationPlatforms) = postSolution
		{1CEC2C41-9A42-4E66-A39B-CBB5E819CA2B}.Debug|Any CPU.ActiveCfg = Debug|Any CPU
		{1CEC2C41-9A42-4E66-A39B-CBB5E819CA2B}.Debug|Any CPU.Build.0 = Debug|Any CPU
		{1CEC2C41-9A42-4E66-A39B-CBB5E819CA2B}.Release|Any CPU.ActiveCfg = Release|Any CPU
		{1CEC2C41-9A42-4E66-A39B-CBB5E819CA2B}.Release|Any CPU.Build.0 = Release|Any CPU
	EndGlobalSection
	GlobalSection(SolutionProperties) = preSolution
		HideSolutionNode = FALSE
	EndGlobalSection
	GlobalSection(ExtensibilityGlobals) = postSolution
		SolutionGuid = {147444DD-FC7E-480B-8EDA-D274EB7B5160}
	EndGlobalSection
EndGlobal
